
Microsoft Visual Studio Solution File, Format Version 12.00
# Visual Studio 15
VisualStudioVersion = 15.0.28010.2019
MinimumVisualStudioVersion = 10.0.40219.1
Project("{FAE04EC0-301F-11D3-BF4B-00C04F79EFBC}") = "GenesisTechTest", "GenesisTechTest\GenesisTechTest.csproj", "{6C480C0B-C9AE-48E5-8A18-8E30CD0E22A0}"
EndProject
Global
	GlobalSection(SolutionConfigurationPlatforms) = preSolution
		Debug|Any CPU = Debug|Any CPU
		Release|Any CPU = Release|Any CPU
	EndGlobalSection
	GlobalSection(ProjectConfigurationPlatforms) = postSolution
		{6C480C0B-C9AE-48E5-8A18-8E30CD0E22A0}.Debug|Any CPU.ActiveCfg = Debug|Any CPU
		{6C480C0B-C9AE-48E5-8A18-8E30CD0E22A0}.Debug|Any CPU.Build.0 = Debug|Any CPU
		{6C480C0B-C9AE-48E5-8A18-8E30CD0E22A0}.Release|Any CPU.ActiveCfg = Release|Any CPU
		{6C480C0B-C9AE-48E5-8A18-8E30CD0E22A0}.Release|Any CPU.Build.0 = Release|Any CPU
	EndGlobalSection
	GlobalSection(SolutionProperties) = preSolution
		HideSolutionNode = FALSE
	EndGlobalSection
	GlobalSection(ExtensibilityGlobals) = postSolution
		SolutionGuid = {CD94D91A-315E-41E8-859F-29E73A76F7BC}
	EndGlobalSection
EndGlobal
